
Microsoft Visual Studio Solution File, Format Version 12.00
# Visual Studio Version 17
VisualStudioVersion = 17.0.31903.59
MinimumVisualStudioVersion = 10.0.40219.1
Project("{FAE04EC0-301F-11D3-BF4B-00C04F79EFBC}") = "ProjCB", "ProjCB\ProjCB.csproj", "{8EDD95F0-9056-4BA6-B725-3E0727F0429D}"
EndProject
Project("{FAE04EC0-301F-11D3-BF4B-00C04F79EFBC}") = "ProjCB.Tests", "ProjCB.Tests\ProjCB.Tests.csproj", "{BDF80CDB-DC3F-4DAE-BDDD-BBCCE3E21AD5}"
EndProject
Global
	GlobalSection(SolutionConfigurationPlatforms) = preSolution
		Debug|Any CPU = Debug|Any CPU
		Release|Any CPU = Release|Any CPU
	EndGlobalSection
	GlobalSection(SolutionProperties) = preSolution
		HideSolutionNode = FALSE
	EndGlobalSection
	GlobalSection(ProjectConfigurationPlatforms) = postSolution
		{8EDD95F0-9056-4BA6-B725-3E0727F0429D}.Debug|Any CPU.ActiveCfg = Debug|Any CPU
		{8EDD95F0-9056-4BA6-B725-3E0727F0429D}.Debug|Any CPU.Build.0 = Debug|Any CPU
		{8EDD95F0-9056-4BA6-B725-3E0727F0429D}.Release|Any CPU.ActiveCfg = Release|Any CPU
		{8EDD95F0-9056-4BA6-B725-3E0727F0429D}.Release|Any CPU.Build.0 = Release|Any CPU
		{BDF80CDB-DC3F-4DAE-BDDD-BBCCE3E21AD5}.Debug|Any CPU.ActiveCfg = Debug|Any CPU
		{BDF80CDB-DC3F-4DAE-BDDD-BBCCE3E21AD5}.Debug|Any CPU.Build.0 = Debug|Any CPU
		{BDF80CDB-DC3F-4DAE-BDDD-BBCCE3E21AD5}.Release|Any CPU.ActiveCfg = Release|Any CPU
		{BDF80CDB-DC3F-4DAE-BDDD-BBCCE3E21AD5}.Release|Any CPU.Build.0 = Release|Any CPU
	EndGlobalSection
EndGlobal
